PODS:
  - Alamofire (4.5.0)
  - ALCameraViewController (1.4.1)
  - BaiduMapKit (3.4.0)
  - Charts (3.0.4):
    - Charts/Core (= 3.0.4)
  - Charts/Core (3.0.4)
  - FMDB (2.7.2):
    - FMDB/standard (= 2.7.2)
  - FMDB/standard (2.7.2)
  - IQKeyboardManagerSwift (4.0.13)
  - JCore (1.1.5)
  - JPush (3.0.6):
    - JCore (~> 1.1.1)
  - MBProgressHUD (1.0.0)
  - MJRefresh (3.1.12)
  - MOBFoundation (3.0.2)
  - ObjectMapper (3.0.0)
  - pop (1.0.10)
  - PYSearch (0.8.3)
  - SDWebImage (4.1.0):
    - SDWebImage/Core (= 4.1.0)
  - SDWebImage/Core (4.1.0)
  - ShareSDK3 (4.0.1):
    - MOBFoundation
    - ShareSDK3/ShareSDK (= 4.0.1)
  - ShareSDK3/ShareSDK (4.0.1):
    - MOBFoundation
  - ShareSDK3/ShareSDKPlatforms/WeChat (4.0.1):
    - MOBFoundation
  - ShareSDK3/ShareSDKUI (4.0.1):
    - MOBFoundation
  - SKTagView (0.9.2)
  - SnapKit (4.0.0)
  - SSKeychain (1.4.1)
  - swiftScan (1.1.1)
  - SwiftyJSON (3.1.4)
  - UITableView+FDTemplateLayoutCell (1.6)
  - WZLBadge (1.2.6)
  - YBPopupMenu (1.0.0)

DEPENDENCIES:
  - Alamofire
  - ALCameraViewController
  - BaiduMapKit
  - Charts
  - FMDB
  - IQKeyboardManagerSwift (~> 4.0.6)
  - JPush
  - MBProgressHUD
  - MJRefresh
  - MOBFoundation
  - ObjectMapper
  - pop
  - PYSearch
  - SDWebImage
  - ShareSDK3
  - ShareSDK3/ShareSDKPlatforms/WeChat
  - ShareSDK3/ShareSDKUI
  - SKTagView
  - SnapKit
  - SSKeychain
  - swiftScan (~> 1.1.1)
  - SwiftyJSON
  - UITableView+FDTemplateLayoutCell
  - WZLBadge
  - YBPopupMenu

SPEC CHECKSUMS:
  Alamofire: f28cdffd29de33a7bfa022cbd63ae95a27fae140
  ALCameraViewController: a69f2133e93e480f76139d2571bb17dd266fa007
  BaiduMapKit: 0a5e5e0b1e3fd8dc5aceb40ab9b89e52e1d13df9
  Charts: 0705898046257443f0afbbc3179f4b67507b6e48
  FMDB: 6198a90e7b6900cfc046e6bc0ef6ebb7be9236aa
  IQKeyboardManagerSwift: fb399c4cddcd8d9bbcd2d0c7c81ed290b61c088e
  JCore: 9bd9c770c877c583d98b90a68792b8361974c231
  JPush: c41be50eb1a574a66aeb68d237f00a4ec6ec3a82
  MBProgressHUD: 4890f671c94e8a0f3cf959aa731e9de2f036d71a
  MJRefresh: b96cdb21c4aa75a7b07654311ab2f315c497e806
  MOBFoundation: d5e27c4638d911d3c7501aa5df458955d4814359
  ObjectMapper: 92230db59bf8f341a5c3a3cf0b9fbdde3cf0d87f
  pop: 82ca6b068ce9278fd350fd9dd09482a0ce9492e6
  PYSearch: 04ea6b91d7d36de716f8bf87cc76f3db0e94dabc
  SDWebImage: 0e435c14e402a6730315a0fb79f95e68654d55a4
  ShareSDK3: 6983a9b5209b63f2f4297fb0328d9a8dd6abd5f1
  SKTagView: 59cdadcd16e4a09300746ad1811a72371e1327f7
  SnapKit: a42d492c16e80209130a3379f73596c3454b7694
  SSKeychain: 55cc80f66f5c73da827e3077f02e43528897db41
  swiftScan: f1f7f3eccb67ed1fb9777d084486d201dfca0306
  SwiftyJSON: c2842d878f95482ffceec5709abc3d05680c0220
  UITableView+FDTemplateLayoutCell: 5c949b4a5059c404b442926c0e80f81d10a2d66f
  WZLBadge: 9ec779dcfd94c825518b395e8315fccaabff1bfa
  YBPopupMenu: b466cf9daa0d341ea15c5ad709247546051c4d86

PODFILE CHECKSUM: fcd6c2f54a6ba1dff2d78a6670cfa7531b2d6606

COCOAPODS: 1.3.1
